// !$*UTF8*$!
{
	archiveVersion = 1;
	classes = {
	};
	objectVersion = 46;
	objects = {

/* Begin PBXBuildFile section */
		1E25B0BB1C89B71900FAA3A1 /* AppDelegate.swift in Sources */ = {isa = PBXBuildFile; fileRef = 1E25B0BA1C89B71900FAA3A1 /* AppDelegate.swift */; };
		1E25B0BD1C89B71900FAA3A1 /* ViewController.swift in Sources */ = {isa = PBXBuildFile; fileRef = 1E25B0BC1C89B71900FAA3A1 /* ViewController.swift */; };
		1E25B0C01C89B71900FAA3A1 /* Main.storyboard in Resources */ = {isa = PBXBuildFile; fileRef = 1E25B0BE1C89B71900FAA3A1 /* Main.storyboard */; };
		1E25B0C21C89B71900FAA3A1 /* Assets.xcassets in Resources */ = {isa = PBXBuildFile; fileRef = 1E25B0C11C89B71900FAA3A1 /* Assets.xcassets */; };
		1E25B0C51C89B71900FAA3A1 /* LaunchScreen.storyboard in Resources */ = {isa = PBXBuildFile; fileRef = 1E25B0C31C89B71900FAA3A1 /* LaunchScreen.storyboard */; };
/* End PBXBuildFile section */

/* Begin PBXFileReference section */
		1E25B0B71C89B71900FAA3A1 /* is it Prime.app */ = {isa = PBXFileReference; explicitFileType = wrapper.application; includeInIndex = 0; path = "is it Prime.app"; sourceTree = BUILT_PRODUCTS_DIR; };
		1E25B0BA1C89B71900FAA3A1 /* AppDelegate.swift */ = {isa = PBXFileReference; lastKnownFileType = sourcecode.swift; path = AppDelegate.swift; sourceTree = "<group>"; };
		1E25B0BC1C89B71900FAA3A1 /* ViewController.swift */ = {isa = PBXFileReference; lastKnownFileType = sourcecode.swift; path = ViewController.swift; sourceTree = "<group>"; };
		1E25B0BF1C89B71900FAA3A1 /* Base */ = {isa = PBXFileReference; lastKnownFileType = file.storyboard; name = Base; path = Base.lproj/Main.storyboard; sourceTree = "<group>"; };
		1E25B0C11C89B71900FAA3A1 /* Assets.xcassets */ = {isa = PBXFileReference; lastKnownFileType = folder.assetcatalog; path = Assets.xcassets; sourceTree = "<group>"; };
		1E25B0C41C89B71900FAA3A1 /* Base */ = {isa = PBXFileReference; lastKnownFileType = file.storyboard; name = Base; path = Base.lproj/LaunchScreen.storyboard; sourceTree = "<group>"; };
		1E25B0C61C89B71900FAA3A1 /* Info.plist */ = {isa = PBXFileReference; lastKnownFileType = text.plist.xml; path = Info.plist; sourceTree = "<group>"; };
/* End PBXFileReference section */

/* Begin PBXFrameworksBuildPhase section */
		1E25B0B41C89B71900FAA3A1 /* Frameworks */ = {
			isa = PBXFrameworksBuildPhase;
			buildActionMask = 2147483647;
			files = (
			);
			runOnlyForDeploymentPostprocessing = 0;
		};
/* End PBXFrameworksBuildPhase section */

/* Begin PBXGroup section */
		1E25B0AE1C89B71900FAA3A1 = {
			isa = PBXGroup;
			children = (
				1E25B0B91C89B71900FAA3A1 /* is it Prime */,
				1E25B0B81C89B71900FAA3A1 /* Products */,
			);
			sourceTree = "<group>";
		};
		1E25B0B81C89B71900FAA3A1 /* Products */ = {
			isa = PBXGroup;
			children = (
				1E25B0B71C89B71900FAA3A1 /* is it Prime.app */,
			);
			name = Products;
			sourceTree = "<group>";
		};
		1E25B0B91C89B71900FAA3A1 /* is it Prime */ = {
			isa = PBXGroup;
			children = (
				1E25B0BA1C89B71900FAA3A1 /* AppDelegate.swift */,
				1E25B0BC1C89B71900FAA3A1 /* ViewController.swift */,
				1E25B0BE1C89B71900FAA3A1 /* Main.storyboard */,
				1E25B0C11C89B71900FAA3A1 /* Assets.xcassets */,
				1E25B0C31C89B71900FAA3A1 /* LaunchScreen.storyboard */,
				1E25B0C61C89B71900FAA3A1 /* Info.plist */,
			);
			path = "is it Prime";
			sourceTree = "<group>";
		};
/* End PBXGroup section */

/* Begin PBXNativeTarget section */
		1E25B0B61C89B71900FAA3A1 /* is it Prime */ = {
			isa = PBXNativeTarget;
			buildConfigurationList = 1E25B0C91C89B71900FAA3A1 /* Build configuration list for PBXNativeTarget "is it Prime" */;
			buildPhases = (
				1E25B0B31C89B71900FAA3A1 /* Sources */,
				1E25B0B41C89B71900FAA3A1 /* Frameworks */,
				1E25B0B51C89B71900FAA3A1 /* Resources */,
			);
			buildRules = (
			);
			dependencies = (
			);
			name = "is it Prime";
			productName = "is it Prime";
			productReference = 1E25B0B71C89B71900FAA3A1 /* is it Prime.app */;
			productType = "com.apple.product-type.application";
		};
/* End PBXNativeTarget section */

/* Begin PBXProject section */
		1E25B0AF1C89B71900FAA3A1 /* Project object */ = {
			isa = PBXProject;
			attributes = {
				LastSwiftUpdateCheck = 0720;
				LastUpgradeCheck = 0720;
				ORGANIZATIONNAME = "이승희";
				TargetAttributes = {
					1E25B0B61C89B71900FAA3A1 = {
						CreatedOnToolsVersion = 7.2;
					};
				};
			};
			buildConfigurationList = 1E25B0B21C89B71900FAA3A1 /* Build configuration list for PBXProject "is it Prime" */;
			compatibilityVersion = "Xcode 3.2";
			developmentRegion = English;
			hasScannedForEncodings = 0;
			knownRegions = (
				en,
				Base,
			);
			mainGroup = 1E25B0AE1C89B71900FAA3A1;
			productRefGroup = 1E25B0B81C89B71900FAA3A1 /* Products */;
			projectDirPath = "";
			projectRoot = "";
			targets = (
				1E25B0B61C89B71900FAA3A1 /* is it Prime */,
			);
		};
/* End PBXProject section */

/* Begin PBXResourcesBuildPhase section */
		1E25B0B51C89B71900FAA3A1 /* Resources */ = {
			isa = PBXResourcesBuildPhase;
			buildActionMask = 2147483647;
			files = (
				1E25B0C51C89B71900FAA3A1 /* LaunchScreen.storyboard in Resources */,
				1E25B0C21C89B71900FAA3A1 /* Assets.xcassets in Resources */,
				1E25B0C01C89B71900FAA3A1 /* Main.storyboard in Resources */,
			);
			runOnlyForDeploymentPostprocessing = 0;
		};
/* End PBXResourcesBuildPhase section */

/* Begin PBXSourcesBuildPhase section */
		1E25B0B31C89B71900FAA3A1 /* Sources */ = {
			isa = PBXSourcesBuildPhase;
			buildActionMask = 2147483647;
			files = (
				1E25B0BD1C89B71900FAA3A1 /* ViewController.swift in Sources */,
				1E25B0BB1C89B71900FAA3A1 /* AppDelegate.swift in Sources */,
			);
			runOnlyForDeploymentPostprocessing = 0;
		};
/* End PBXSourcesBuildPhase section */

/* Begin PBXVariantGroup section */
		1E25B0BE1C89B71900FAA3A1 /* Main.storyboard */ = {
			isa = PBXVariantGroup;
			children = (
				1E25B0BF1C89B71900FAA3A1 /* Base */,
			);
			name = Main.storyboard;
			sourceTree = "<group>";
		};
		1E25B0C31C89B71900FAA3A1 /* LaunchScreen.storyboard */ = {
			isa = PBXVariantGroup;
			children = (
				1E25B0C41C89B71900FAA3A1 /* Base */,
			);
			name = LaunchScreen.storyboard;
			sourceTree = "<group>";
		};
/* End PBXVariantGroup section */

/* Begin XCBuildConfiguration section */
		1E25B0C71C89B71900FAA3A1 /* Debug */ = {
			isa = XCBuildConfiguration;
			buildSettings = {
				ALWAYS_SEARCH_USER_PATHS = NO;
				CLANG_CXX_LANGUAGE_STANDARD = "gnu++0x";
				CLANG_CXX_LIBRARY = "libc++";
				CLANG_ENABLE_MODULES = YES;
				CLANG_ENABLE_OBJC_ARC = YES;
				CLANG_WARN_BOOL_CONVERSION = YES;
				CLANG_WARN_CONSTANT_CONVERSION = YES;
				CLANG_WARN_DIRECT_OBJC_ISA_USAGE = YES_ERROR;
				CLANG_WARN_EMPTY_BODY = YES;
				CLANG_WARN_ENUM_CONVERSION = YES;
				CLANG_WARN_INT_CONVERSION = YES;
				CLANG_WARN_OBJC_ROOT_CLASS = YES_ERROR;
				CLANG_WARN_UNREACHABLE_CODE = YES;
				CLANG_WARN__DUPLICATE_METHOD_MATCH = YES;
				"CODE_SIGN_IDENTITY[sdk=iphoneos*]" = "iPhone Developer";
				COPY_PHASE_STRIP = NO;
				DEBUG_INFORMATION_FORMAT = dwarf;
				ENABLE_STRICT_OBJC_MSGSEND = YES;
				ENABLE_TESTABILITY = YES;
				GCC_C_LANGUAGE_STANDARD = gnu99;
				GCC_DYNAMIC_NO_PIC = NO;
				GCC_NO_COMMON_BLOCKS = YES;
				GCC_OPTIMIZATION_LEVEL = 0;
				GCC_PREPROCESSOR_DEFINITIONS = (
					"DEBUG=1",
					"$(inherited)",
				);
				GCC_WARN_64_TO_32_BIT_CONVERSION = YES;
				GCC_WARN_ABOUT_RETURN_TYPE = YES_ERROR;
				GCC_WARN_UNDECLARED_SELECTOR = YES;
				GCC_WARN_UNINITIALIZED_AUTOS = YES_AGGRESSIVE;
				GCC_WARN_UNUSED_FUNCTION = YES;
				GCC_WARN_UNUSED_VARIABLE = YES;
				IPHONEOS_DEPLOYMENT_TARGET = 9.2;
				MTL_ENABLE_DEBUG_INFO = YES;
				ONLY_ACTIVE_ARCH = YES;
				SDKROOT = iphoneos;
				SWIFT_OPTIMIZATION_LEVEL = "-Onone";
			};
			name = Debug;
		};
		1E25B0C81C89B71900FAA3A1 /* Release */ = {
			isa = XCBuildConfiguration;
			buildSettings = {
				ALWAYS_SEARCH_USER_PATHS = NO;
				CLANG_CXX_LANGUAGE_STANDARD = "gnu++0x";
				CLANG_CXX_LIBRARY = "libc++";
				CLANG_ENABLE_MODULES = YES;
				CLANG_ENABLE_OBJC_ARC = YES;
				CLANG_WARN_BOOL_CONVERSION = YES;
				CLANG_WARN_CONSTANT_CONVERSION = YES;
				CLANG_WARN_DIRECT_OBJC_ISA_USAGE = YES_ERROR;
				CLANG_WARN_EMPTY_BODY = YES;
				CLANG_WARN_ENUM_CONVERSION = YES;
				CLANG_WARN_INT_CONVERSION = YES;
				CLANG_WARN_OBJC_ROOT_CLASS = YES_ERROR;
				CLANG_WARN_UNREACHABLE_CODE = YES;
				CLANG_WARN__DUPLICATE_METHOD_MATCH = YES;
				"CODE_SIGN_IDENTITY[sdk=iphoneos*]" = "iPhone Developer";
				COPY_PHASE_STRIP = NO;
				DEBUG_INFORMATION_FORMAT = "dwarf-with-dsym";
				ENABLE_NS_ASSERTIONS = NO;
				ENABLE_STRICT_OBJC_MSGSEND = YES;
				GCC_C_LANGUAGE_STANDARD = gnu99;
				GCC_NO_COMMON_BLOCKS = YES;
				GCC_WARN_64_TO_32_BIT_CONVERSION = YES;
				GCC_WARN_ABOUT_RETURN_TYPE = YES_ERROR;
				GCC_WARN_UNDECLARED_SELECTOR = YES;
				GCC_WARN_UNINITIALIZED_AUTOS = YES_AGGRESSIVE;
				GCC_WARN_UNUSED_FUNCTION = YES;
				GCC_WARN_UNUSED_VARIABLE = YES;
				IPHONEOS_DEPLOYMENT_TARGET = 9.2;
				MTL_ENABLE_DEBUG_INFO = NO;
				SDKROOT = iphoneos;
				VALIDATE_PRODUCT = YES;
			};
			name = Release;
		};
		1E25B0CA1C89B71900FAA3A1 /* Debug */ = {
			isa = XCBuildConfiguration;
			buildSettings = {
				ASSETCATALOG_COMPILER_APPICON_NAME = AppIcon;
				INFOPLIST_FILE = "is it Prime/Info.plist";
				LD_RUNPATH_SEARCH_PATHS = "$(inherited) @executable_path/Frameworks";
				PRODUCT_BUNDLE_IDENTIFIER = "seung.is-it-Prime";
				PRODUCT_NAME = "$(TARGET_NAME)";
			};
			name = Debug;
		};
		1E25B0CB1C89B71900FAA3A1 /* Release */ = {
			isa = XCBuildConfiguration;
			buildSettings = {
				ASSETCATALOG_COMPILER_APPICON_NAME = AppIcon;
				INFOPLIST_FILE = "is it Prime/Info.plist";
				LD_RUNPATH_SEARCH_PATHS = "$(inherited) @executable_path/Frameworks";
				PRODUCT_BUNDLE_IDENTIFIER = "seung.is-it-Prime";
				PRODUCT_NAME = "$(TARGET_NAME)";
			};
			name = Release;
		};
/* End XCBuildConfiguration section */

/* Begin XCConfigurationList section */
		1E25B0B21C89B71900FAA3A1 /* Build configuration list for PBXProject "is it Prime" */ = {
			isa = XCConfigurationList;
			buildConfigurations = (
				1E25B0C71C89B71900FAA3A1 /* Debug */,
				1E25B0C81C89B71900FAA3A1 /* Release */,
			);
			defaultConfigurationIsVisible = 0;
			defaultConfigurationName = Release;
		};
		1E25B0C91C89B71900FAA3A1 /* Build configuration list for PBXNativeTarget "is it Prime" */ = {
			isa = XCConfigurationList;
			buildConfigurations = (
				1E25B0CA1C89B71900FAA3A1 /* Debug */,
				1E25B0CB1C89B71900FAA3A1 /* Release */,
			);
			defaultConfigurationIsVisible = 0;
		};
/* End XCConfigurationList section */
	};
	rootObject = 1E25B0AF1C89B71900FAA3A1 /* Project object */;
}
